
Microsoft Visual Studio Solution File, Format Version 12.00
# Visual Studio 15
VisualStudioVersion = 15.0.28307.1585
MinimumVisualStudioVersion = 10.0.40219.1
Project("{FAE04EC0-301F-11D3-BF4B-00C04F79EFBC}") = "Text", "Text\Text.csproj", "{406A4588-2A22-4E34-A2C4-0B4F4996EB92}"
EndProject
Global
	GlobalSection(SolutionConfigurationPlatforms) = preSolution
		Debug|Any CPU = Debug|Any CPU
		Release|Any CPU = Release|Any CPU
	EndGlobalSection
	GlobalSection(ProjectConfigurationPlatforms) = postSolution
		{406A4588-2A22-4E34-A2C4-0B4F4996EB92}.Debug|Any CPU.ActiveCfg = Debug|Any CPU
		{406A4588-2A22-4E34-A2C4-0B4F4996EB92}.Debug|Any CPU.Build.0 = Debug|Any CPU
		{406A4588-2A22-4E34-A2C4-0B4F4996EB92}.Release|Any CPU.ActiveCfg = Release|Any CPU
		{406A4588-2A22-4E34-A2C4-0B4F4996EB92}.Release|Any CPU.Build.0 = Release|Any CPU
	EndGlobalSection
	GlobalSection(SolutionProperties) = preSolution
		HideSolutionNode = FALSE
	EndGlobalSection
	GlobalSection(ExtensibilityGlobals) = postSolution
		SolutionGuid = {A163ADEE-DA81-44A9-9BA7-BCEDB3989ECA}
	EndGlobalSection
EndGlobal
